
Microsoft Visual Studio Solution File, Format Version 12.00
# Visual Studio Version 17
VisualStudioVersion = 17.2.32616.157
MinimumVisualStudioVersion = 10.0.40219.1
Project("{9A19103F-16F7-4668-BE54-9A1E7A4F7556}") = "CM.API", "CM.API\CM.API.csproj", "{D3AAE81C-D928-4313-B65B-B76753E6C8CD}"
EndProject
Project("{9A19103F-16F7-4668-BE54-9A1E7A4F7556}") = "CM.Application", "CM.Application\CM.Application.csproj", "{B22418DC-21A0-4A1E-98B8-73F2C742335E}"
EndProject
Project("{9A19103F-16F7-4668-BE54-9A1E7A4F7556}") = "CM.Infrastructure", "CM.Infrastructure\CM.Infrastructure.csproj", "{582B33F7-5434-477F-BF85-9FFB35B44838}"
EndProject
Project("{2150E333-8FDC-42A3-9474-1A3956D46DE8}") = "API", "API", "{BB4FC058-9A55-436A-896C-54C24D54E800}"
EndProject
Project("{2150E333-8FDC-42A3-9474-1A3956D46DE8}") = "Application", "Application", "{3C933F7B-58B2-4651-BF10-ECD3196C2F4E}"
EndProject
Project("{2150E333-8FDC-42A3-9474-1A3956D46DE8}") = "Infrastruture", "Infrastruture", "{AB71DC8B-6FE8-4D0B-A42D-D2EB4569F6A3}"
EndProject
Project("{9A19103F-16F7-4668-BE54-9A1E7A4F7556}") = "CM.API.Models", "CM.API.Models\CM.API.Models.csproj", "{CC37B3E9-B872-4AD6-93D6-29E8570CDC77}"
EndProject
Project("{2150E333-8FDC-42A3-9474-1A3956D46DE8}") = "Solution items", "Solution items", "{0F51E42F-E984-4606-99C4-35B14BC622AC}"
	ProjectSection(SolutionItems) = preProject
		.gitignore = .gitignore
		README.md = README.md
	EndProjectSection
EndProject
Global
	GlobalSection(SolutionConfigurationPlatforms) = preSolution
		Debug|Any CPU = Debug|Any CPU
		Release|Any CPU = Release|Any CPU
	EndGlobalSection
	GlobalSection(ProjectConfigurationPlatforms) = postSolution
		{D3AAE81C-D928-4313-B65B-B76753E6C8CD}.Debug|Any CPU.ActiveCfg = Debug|Any CPU
		{D3AAE81C-D928-4313-B65B-B76753E6C8CD}.Debug|Any CPU.Build.0 = Debug|Any CPU
		{D3AAE81C-D928-4313-B65B-B76753E6C8CD}.Release|Any CPU.ActiveCfg = Release|Any CPU
		{D3AAE81C-D928-4313-B65B-B76753E6C8CD}.Release|Any CPU.Build.0 = Release|Any CPU
		{B22418DC-21A0-4A1E-98B8-73F2C742335E}.Debug|Any CPU.ActiveCfg = Debug|Any CPU
		{B22418DC-21A0-4A1E-98B8-73F2C742335E}.Debug|Any CPU.Build.0 = Debug|Any CPU
		{B22418DC-21A0-4A1E-98B8-73F2C742335E}.Release|Any CPU.ActiveCfg = Release|Any CPU
		{B22418DC-21A0-4A1E-98B8-73F2C742335E}.Release|Any CPU.Build.0 = Release|Any CPU
		{582B33F7-5434-477F-BF85-9FFB35B44838}.Debug|Any CPU.ActiveCfg = Debug|Any CPU
		{582B33F7-5434-477F-BF85-9FFB35B44838}.Debug|Any CPU.Build.0 = Debug|Any CPU
		{582B33F7-5434-477F-BF85-9FFB35B44838}.Release|Any CPU.ActiveCfg = Release|Any CPU
		{582B33F7-5434-477F-BF85-9FFB35B44838}.Release|Any CPU.Build.0 = Release|Any CPU
		{CC37B3E9-B872-4AD6-93D6-29E8570CDC77}.Debug|Any CPU.ActiveCfg = Debug|Any CPU
		{CC37B3E9-B872-4AD6-93D6-29E8570CDC77}.Debug|Any CPU.Build.0 = Debug|Any CPU
		{CC37B3E9-B872-4AD6-93D6-29E8570CDC77}.Release|Any CPU.ActiveCfg = Release|Any CPU
		{CC37B3E9-B872-4AD6-93D6-29E8570CDC77}.Release|Any CPU.Build.0 = Release|Any CPU
	EndGlobalSection
	GlobalSection(SolutionProperties) = preSolution
		HideSolutionNode = FALSE
	EndGlobalSection
	GlobalSection(NestedProjects) = preSolution
		{D3AAE81C-D928-4313-B65B-B76753E6C8CD} = {BB4FC058-9A55-436A-896C-54C24D54E800}
		{B22418DC-21A0-4A1E-98B8-73F2C742335E} = {3C933F7B-58B2-4651-BF10-ECD3196C2F4E}
		{582B33F7-5434-477F-BF85-9FFB35B44838} = {AB71DC8B-6FE8-4D0B-A42D-D2EB4569F6A3}
		{CC37B3E9-B872-4AD6-93D6-29E8570CDC77} = {BB4FC058-9A55-436A-896C-54C24D54E800}
	EndGlobalSection
	GlobalSection(ExtensibilityGlobals) = postSolution
		SolutionGuid = {716E9D68-C8EE-46F3-BA67-E7E4A8E24BDA}
	EndGlobalSection
EndGlobal
